lockfileVersion: '9.0'

settings:
  autoInstallPeers: true
  excludeLinksFromLockfile: false

importers:

  .:
    dependencies:
      ollama:
        specifier: ^0.5.15
        version: 0.5.15

packages:

  ollama@0.5.15:
    resolution: {integrity: sha512-TSaZSJyP7MQJFjSmmNsoJiriwa3U+/UJRw6+M8aucs5dTsaWNZsBIGpDb5rXnW6nXxJBB/z79gZY8IaiIQgelQ==}

  whatwg-fetch@3.6.20:
    resolution: {integrity: sha512-EqhiFU6daOA8kpjOWTL0olhVOF3i7OrFzSYiGsEMB8GcXS+RrzauAERX65xMeNWVqxA6HXH2m69Z9LaKKdisfg==}

snapshots:

  ollama@0.5.15:
    dependencies:
      whatwg-fetch: 3.6.20

  whatwg-fetch@3.6.20: {}
